
Microsoft Visual Studio Solution File, Format Version 12.00
# Visual Studio 15
Project("{FAE04EC0-301F-11D3-BF4B-00C04F79EFBC}") = "UnityEngine.TestRunner", "UnityEngine.TestRunner.csproj", "{03D0DEF3-0F37-0EA8-E2D2-72B7B3E1AE59}"
EndProject
Project("{FAE04EC0-301F-11D3-BF4B-00C04F79EFBC}") = "Unity.Mathematics", "Unity.Mathematics.csproj", "{D6947CD0-5AC1-95F2-BAC2-A437B5341A67}"
EndProject
Project("{FAE04EC0-301F-11D3-BF4B-00C04F79EFBC}") = "Unity.2D.Animation.Triangle.Runtime", "Unity.2D.Animation.Triangle.Runtime.csproj", "{2675B8BB-5946-8185-193A-323821E64F54}"
EndProject
Project("{FAE04EC0-301F-11D3-BF4B-00C04F79EFBC}") = "Unity.Timeline", "Unity.Timeline.csproj", "{986236A8-7529-AD65-1132-B0B45C67A4C0}"
EndProject
Project("{FAE04EC0-301F-11D3-BF4B-00C04F79EFBC}") = "UnityEngine.UI", "UnityEngine.UI.csproj", "{F3705DE1-E616-4227-5312-50A7E7178DF4}"
EndProject
Project("{FAE04EC0-301F-11D3-BF4B-00C04F79EFBC}") = "Unity.TextMeshPro", "Unity.TextMeshPro.csproj", "{F3E8E057-24D2-7399-E7DE-1B92AB2BB161}"
EndProject
Project("{FAE04EC0-301F-11D3-BF4B-00C04F79EFBC}") = "Unity.2D.Animation.Runtime", "Unity.2D.Animation.Runtime.csproj", "{76B36419-B183-6BA8-E68D-451614A8564B}"
EndProject
Project("{FAE04EC0-301F-11D3-BF4B-00C04F79EFBC}") = "Unity.2D.IK.Runtime", "Unity.2D.IK.Runtime.csproj", "{7D82B254-E651-A431-2663-F081D619F35E}"
EndProject
Project("{FAE04EC0-301F-11D3-BF4B-00C04F79EFBC}") = "Unity.2D.SpriteShape.Runtime", "Unity.2D.SpriteShape.Runtime.csproj", "{57BA0590-93FA-AA45-B3D6-9AF3CFD30E85}"
EndProject
Project("{FAE04EC0-301F-11D3-BF4B-00C04F79EFBC}") = "Unity.2D.PixelPerfect", "Unity.2D.PixelPerfect.csproj", "{CFD6A984-644F-7E51-4931-29367B87C486}"
EndProject
Project("{FAE04EC0-301F-11D3-BF4B-00C04F79EFBC}") = "Unity.2D.Common.Runtime", "Unity.2D.Common.Runtime.csproj", "{F78EA6F6-2727-7BBA-4412-F81A16D2DA46}"
EndProject
Project("{FAE04EC0-301F-11D3-BF4B-00C04F79EFBC}") = "Unity.InternalAPIEngineBridge.001", "Unity.InternalAPIEngineBridge.001.csproj", "{948FB545-EAFC-052F-45A9-4A9010483CCF}"
EndProject
Project("{FAE04EC0-301F-11D3-BF4B-00C04F79EFBC}") = "Assembly-CSharp", "Assembly-CSharp.csproj", "{1A1CBFD1-C969-858E-853B-26D83946C34E}"
EndProject
Project("{FAE04EC0-301F-11D3-BF4B-00C04F79EFBC}") = "Unity.2D.Tilemap.Extras", "Unity.2D.Tilemap.Extras.csproj", "{E3ABA625-6A7C-0A3E-7CEE-30E209A9AF42}"
EndProject
Project("{FAE04EC0-301F-11D3-BF4B-00C04F79EFBC}") = "UnityEditor.TestRunner", "UnityEditor.TestRunner.csproj", "{AC5FE62B-9F9D-9576-2E52-F6B82434F53B}"
EndProject
Project("{FAE04EC0-301F-11D3-BF4B-00C04F79EFBC}") = "Unity.PlasticSCM.Editor", "Unity.PlasticSCM.Editor.csproj", "{5CA4D1A8-3AAA-0618-15FC-D02A6DC66767}"
EndProject
Project("{FAE04EC0-301F-11D3-BF4B-00C04F79EFBC}") = "UnityEditor.UI", "UnityEditor.UI.csproj", "{FD368D2A-F0B9-3AA4-36EF-CB8C729CCE55}"
EndProject
Project("{FAE04EC0-301F-11D3-BF4B-00C04F79EFBC}") = "Unity.Services.Core.Editor", "Unity.Services.Core.Editor.csproj", "{C130F8FE-F4B2-4887-F83C-AFA6379D98F9}"
EndProject
Project("{FAE04EC0-301F-11D3-BF4B-00C04F79EFBC}") = "Unity.Timeline.Editor", "Unity.Timeline.Editor.csproj", "{82DF43CF-3C44-E6A7-6C61-97A04B7144BF}"
EndProject
Project("{FAE04EC0-301F-11D3-BF4B-00C04F79EFBC}") = "Unity.VisualStudio.Editor", "Unity.VisualStudio.Editor.csproj", "{C6DCA924-B9D0-DE3E-7993-ADB2AF8B851D}"
EndProject
Project("{FAE04EC0-301F-11D3-BF4B-00C04F79EFBC}") = "Unity.2D.Psdimporter.Editor", "Unity.2D.Psdimporter.Editor.csproj", "{E0720471-4F3A-FE17-BF34-3F8D3849F819}"
EndProject
Project("{FAE04EC0-301F-11D3-BF4B-00C04F79EFBC}") = "Unity.2D.Animation.Editor", "Unity.2D.Animation.Editor.csproj", "{5B6B6BBB-FF1D-1439-CCA3-E5EC22603BCA}"
EndProject
Project("{FAE04EC0-301F-11D3-BF4B-00C04F79EFBC}") = "Unity.TextMeshPro.Editor", "Unity.TextMeshPro.Editor.csproj", "{6160DDCC-360F-A099-5D3B-856FA0CF4734}"
EndProject
Project("{FAE04EC0-301F-11D3-BF4B-00C04F79EFBC}") = "Unity.2D.SpriteShape.Editor", "Unity.2D.SpriteShape.Editor.csproj", "{906455F9-11D5-1891-BD0C-96CC8F691C32}"
EndProject
Project("{FAE04EC0-301F-11D3-BF4B-00C04F79EFBC}") = "Unity.CollabProxy.Editor", "Unity.CollabProxy.Editor.csproj", "{B1590B6B-C862-BA9B-3F40-556031F727E0}"
EndProject
Project("{FAE04EC0-301F-11D3-BF4B-00C04F79EFBC}") = "PsdPlugin", "PsdPlugin.csproj", "{46A1237B-8401-7C66-2985-E6DB4274331A}"
EndProject
Project("{FAE04EC0-301F-11D3-BF4B-00C04F79EFBC}") = "Unity.2D.Path.Editor", "Unity.2D.Path.Editor.csproj", "{9BA8C7EC-0A4F-EDC6-8ED2-C6DBB04A3667}"
EndProject
Project("{FAE04EC0-301F-11D3-BF4B-00C04F79EFBC}") = "Unity.Rider.Editor", "Unity.Rider.Editor.csproj", "{F5AFF013-DAC0-0604-71E0-7FA2EEDC5FAB}"
EndProject
Project("{FAE04EC0-301F-11D3-BF4B-00C04F79EFBC}") = "Unity.2D.IK.Editor", "Unity.2D.IK.Editor.csproj", "{27CCBAAC-FAF1-F13D-39DF-6DF1AD7BA1B6}"
EndProject
Project("{FAE04EC0-301F-11D3-BF4B-00C04F79EFBC}") = "Unity.2D.Sprite.Editor", "Unity.2D.Sprite.Editor.csproj", "{FA3AE546-065D-9B3A-9E58-A2A13B921705}"
EndProject
Project("{FAE04EC0-301F-11D3-BF4B-00C04F79EFBC}") = "Unity.2D.Tilemap.Editor", "Unity.2D.Tilemap.Editor.csproj", "{A2376F43-D753-A178-66E0-DF90C6935152}"
EndProject
Project("{FAE04EC0-301F-11D3-BF4B-00C04F79EFBC}") = "Unity.2D.PixelPerfect.Editor", "Unity.2D.PixelPerfect.Editor.csproj", "{9014EA43-64ED-137B-5F5B-3055E06E47A6}"
EndProject
Project("{FAE04EC0-301F-11D3-BF4B-00C04F79EFBC}") = "Unity.VSCode.Editor", "Unity.VSCode.Editor.csproj", "{CCFC8405-E9E8-86A8-6203-4F46701FAA88}"
EndProject
Project("{FAE04EC0-301F-11D3-BF4B-00C04F79EFBC}") = "Unity.2D.Common.Editor", "Unity.2D.Common.Editor.csproj", "{01BDB0CC-0612-0258-4D75-9F958F73A776}"
EndProject
Project("{FAE04EC0-301F-11D3-BF4B-00C04F79EFBC}") = "Unity.Mathematics.Editor", "Unity.Mathematics.Editor.csproj", "{22AFFAEB-CDB7-5A1C-EE91-3016F2B5AA27}"
EndProject
Project("{FAE04EC0-301F-11D3-BF4B-00C04F79EFBC}") = "Unity.InternalAPIEditorBridge.001", "Unity.InternalAPIEditorBridge.001.csproj", "{CBDB57BA-B980-F228-C1C9-72BB2613152C}"
EndProject
Project("{FAE04EC0-301F-11D3-BF4B-00C04F79EFBC}") = "Unity.2D.Tilemap.Extras.Editor", "Unity.2D.Tilemap.Extras.Editor.csproj", "{CD219182-BAAF-6BD7-FE9B-6D11CC0D3831}"
EndProject
Global
	GlobalSection(SolutionConfigurationPlatforms) = preSolution
		Debug|Any CPU = Debug|Any CPU
		Release|Any CPU = Release|Any CPU
	EndGlobalSection
	GlobalSection(ProjectConfigurationPlatforms) = postSolution
		{03D0DEF3-0F37-0EA8-E2D2-72B7B3E1AE59}.Debug|Any CPU.ActiveCfg = Debug|Any CPU
		{03D0DEF3-0F37-0EA8-E2D2-72B7B3E1AE59}.Debug|Any CPU.Build.0 = Debug|Any CPU
		{03D0DEF3-0F37-0EA8-E2D2-72B7B3E1AE59}.Release|Any CPU.ActiveCfg = Release|Any CPU
		{03D0DEF3-0F37-0EA8-E2D2-72B7B3E1AE59}.Release|Any CPU.Build.0 = Release|Any CPU
		{D6947CD0-5AC1-95F2-BAC2-A437B5341A67}.Debug|Any CPU.ActiveCfg = Debug|Any CPU
		{D6947CD0-5AC1-95F2-BAC2-A437B5341A67}.Debug|Any CPU.Build.0 = Debug|Any CPU
		{D6947CD0-5AC1-95F2-BAC2-A437B5341A67}.Release|Any CPU.ActiveCfg = Release|Any CPU
		{D6947CD0-5AC1-95F2-BAC2-A437B5341A67}.Release|Any CPU.Build.0 = Release|Any CPU
		{2675B8BB-5946-8185-193A-323821E64F54}.Debug|Any CPU.ActiveCfg = Debug|Any CPU
		{2675B8BB-5946-8185-193A-323821E64F54}.Debug|Any CPU.Build.0 = Debug|Any CPU
		{2675B8BB-5946-8185-193A-323821E64F54}.Release|Any CPU.ActiveCfg = Release|Any CPU
		{2675B8BB-5946-8185-193A-323821E64F54}.Release|Any CPU.Build.0 = Release|Any CPU
		{986236A8-7529-AD65-1132-B0B45C67A4C0}.Debug|Any CPU.ActiveCfg = Debug|Any CPU
		{986236A8-7529-AD65-1132-B0B45C67A4C0}.Debug|Any CPU.Build.0 = Debug|Any CPU
		{986236A8-7529-AD65-1132-B0B45C67A4C0}.Release|Any CPU.ActiveCfg = Release|Any CPU
		{986236A8-7529-AD65-1132-B0B45C67A4C0}.Release|Any CPU.Build.0 = Release|Any CPU
		{F3705DE1-E616-4227-5312-50A7E7178DF4}.Debug|Any CPU.ActiveCfg = Debug|Any CPU
		{F3705DE1-E616-4227-5312-50A7E7178DF4}.Debug|Any CPU.Build.0 = Debug|Any CPU
		{F3705DE1-E616-4227-5312-50A7E7178DF4}.Release|Any CPU.ActiveCfg = Release|Any CPU
		{F3705DE1-E616-4227-5312-50A7E7178DF4}.Release|Any CPU.Build.0 = Release|Any CPU
		{F3E8E057-24D2-7399-E7DE-1B92AB2BB161}.Debug|Any CPU.ActiveCfg = Debug|Any CPU
		{F3E8E057-24D2-7399-E7DE-1B92AB2BB161}.Debug|Any CPU.Build.0 = Debug|Any CPU
		{F3E8E057-24D2-7399-E7DE-1B92AB2BB161}.Release|Any CPU.ActiveCfg = Release|Any CPU
		{F3E8E057-24D2-7399-E7DE-1B92AB2BB161}.Release|Any CPU.Build.0 = Release|Any CPU
		{76B36419-B183-6BA8-E68D-451614A8564B}.Debug|Any CPU.ActiveCfg = Debug|Any CPU
		{76B36419-B183-6BA8-E68D-451614A8564B}.Debug|Any CPU.Build.0 = Debug|Any CPU
		{76B36419-B183-6BA8-E68D-451614A8564B}.Release|Any CPU.ActiveCfg = Release|Any CPU
		{76B36419-B183-6BA8-E68D-451614A8564B}.Release|Any CPU.Build.0 = Release|Any CPU
		{7D82B254-E651-A431-2663-F081D619F35E}.Debug|Any CPU.ActiveCfg = Debug|Any CPU
		{7D82B254-E651-A431-2663-F081D619F35E}.Debug|Any CPU.Build.0 = Debug|Any CPU
		{7D82B254-E651-A431-2663-F081D619F35E}.Release|Any CPU.ActiveCfg = Release|Any CPU
		{7D82B254-E651-A431-2663-F081D619F35E}.Release|Any CPU.Build.0 = Release|Any CPU
		{57BA0590-93FA-AA45-B3D6-9AF3CFD30E85}.Debug|Any CPU.ActiveCfg = Debug|Any CPU
		{57BA0590-93FA-AA45-B3D6-9AF3CFD30E85}.Debug|Any CPU.Build.0 = Debug|Any CPU
		{57BA0590-93FA-AA45-B3D6-9AF3CFD30E85}.Release|Any CPU.ActiveCfg = Release|Any CPU
		{57BA0590-93FA-AA45-B3D6-9AF3CFD30E85}.Release|Any CPU.Build.0 = Release|Any CPU
		{CFD6A984-644F-7E51-4931-29367B87C486}.Debug|Any CPU.ActiveCfg = Debug|Any CPU
		{CFD6A984-644F-7E51-4931-29367B87C486}.Debug|Any CPU.Build.0 = Debug|Any CPU
		{CFD6A984-644F-7E51-4931-29367B87C486}.Release|Any CPU.ActiveCfg = Release|Any CPU
		{CFD6A984-644F-7E51-4931-29367B87C486}.Release|Any CPU.Build.0 = Release|Any CPU
		{F78EA6F6-2727-7BBA-4412-F81A16D2DA46}.Debug|Any CPU.ActiveCfg = Debug|Any CPU
		{F78EA6F6-2727-7BBA-4412-F81A16D2DA46}.Debug|Any CPU.Build.0 = Debug|Any CPU
		{F78EA6F6-2727-7BBA-4412-F81A16D2DA46}.Release|Any CPU.ActiveCfg = Release|Any CPU
		{F78EA6F6-2727-7BBA-4412-F81A16D2DA46}.Release|Any CPU.Build.0 = Release|Any CPU
		{948FB545-EAFC-052F-45A9-4A9010483CCF}.Debug|Any CPU.ActiveCfg = Debug|Any CPU
		{948FB545-EAFC-052F-45A9-4A9010483CCF}.Debug|Any CPU.Build.0 = Debug|Any CPU
		{948FB545-EAFC-052F-45A9-4A9010483CCF}.Release|Any CPU.ActiveCfg = Release|Any CPU
		{948FB545-EAFC-052F-45A9-4A9010483CCF}.Release|Any CPU.Build.0 = Release|Any CPU
		{1A1CBFD1-C969-858E-853B-26D83946C34E}.Debug|Any CPU.ActiveCfg = Debug|Any CPU
		{1A1CBFD1-C969-858E-853B-26D83946C34E}.Debug|Any CPU.Build.0 = Debug|Any CPU
		{1A1CBFD1-C969-858E-853B-26D83946C34E}.Release|Any CPU.ActiveCfg = Release|Any CPU
		{1A1CBFD1-C969-858E-853B-26D83946C34E}.Release|Any CPU.Build.0 = Release|Any CPU
		{E3ABA625-6A7C-0A3E-7CEE-30E209A9AF42}.Debug|Any CPU.ActiveCfg = Debug|Any CPU
		{E3ABA625-6A7C-0A3E-7CEE-30E209A9AF42}.Debug|Any CPU.Build.0 = Debug|Any CPU
		{E3ABA625-6A7C-0A3E-7CEE-30E209A9AF42}.Release|Any CPU.ActiveCfg = Release|Any CPU
		{E3ABA625-6A7C-0A3E-7CEE-30E209A9AF42}.Release|Any CPU.Build.0 = Release|Any CPU
		{AC5FE62B-9F9D-9576-2E52-F6B82434F53B}.Debug|Any CPU.ActiveCfg = Debug|Any CPU
		{AC5FE62B-9F9D-9576-2E52-F6B82434F53B}.Debug|Any CPU.Build.0 = Debug|Any CPU
		{AC5FE62B-9F9D-9576-2E52-F6B82434F53B}.Release|Any CPU.ActiveCfg = Release|Any CPU
		{AC5FE62B-9F9D-9576-2E52-F6B82434F53B}.Release|Any CPU.Build.0 = Release|Any CPU
		{5CA4D1A8-3AAA-0618-15FC-D02A6DC66767}.Debug|Any CPU.ActiveCfg = Debug|Any CPU
		{5CA4D1A8-3AAA-0618-15FC-D02A6DC66767}.Debug|Any CPU.Build.0 = Debug|Any CPU
		{5CA4D1A8-3AAA-0618-15FC-D02A6DC66767}.Release|Any CPU.ActiveCfg = Release|Any CPU
		{5CA4D1A8-3AAA-0618-15FC-D02A6DC66767}.Release|Any CPU.Build.0 = Release|Any CPU
		{FD368D2A-F0B9-3AA4-36EF-CB8C729CCE55}.Debug|Any CPU.ActiveCfg = Debug|Any CPU
		{FD368D2A-F0B9-3AA4-36EF-CB8C729CCE55}.Debug|Any CPU.Build.0 = Debug|Any CPU
		{FD368D2A-F0B9-3AA4-36EF-CB8C729CCE55}.Release|Any CPU.ActiveCfg = Release|Any CPU
		{FD368D2A-F0B9-3AA4-36EF-CB8C729CCE55}.Release|Any CPU.Build.0 = Release|Any CPU
		{C130F8FE-F4B2-4887-F83C-AFA6379D98F9}.Debug|Any CPU.ActiveCfg = Debug|Any CPU
		{C130F8FE-F4B2-4887-F83C-AFA6379D98F9}.Debug|Any CPU.Build.0 = Debug|Any CPU
		{C130F8FE-F4B2-4887-F83C-AFA6379D98F9}.Release|Any CPU.ActiveCfg = Release|Any CPU
		{C130F8FE-F4B2-4887-F83C-AFA6379D98F9}.Release|Any CPU.Build.0 = Release|Any CPU
		{82DF43CF-3C44-E6A7-6C61-97A04B7144BF}.Debug|Any CPU.ActiveCfg = Debug|Any CPU
		{82DF43CF-3C44-E6A7-6C61-97A04B7144BF}.Debug|Any CPU.Build.0 = Debug|Any CPU
		{82DF43CF-3C44-E6A7-6C61-97A04B7144BF}.Release|Any CPU.ActiveCfg = Release|Any CPU
		{82DF43CF-3C44-E6A7-6C61-97A04B7144BF}.Release|Any CPU.Build.0 = Release|Any CPU
		{C6DCA924-B9D0-DE3E-7993-ADB2AF8B851D}.Debug|Any CPU.ActiveCfg = Debug|Any CPU
		{C6DCA924-B9D0-DE3E-7993-ADB2AF8B851D}.Debug|Any CPU.Build.0 = Debug|Any CPU
		{C6DCA924-B9D0-DE3E-7993-ADB2AF8B851D}.Release|Any CPU.ActiveCfg = Release|Any CPU
		{C6DCA924-B9D0-DE3E-7993-ADB2AF8B851D}.Release|Any CPU.Build.0 = Release|Any CPU
		{E0720471-4F3A-FE17-BF34-3F8D3849F819}.Debug|Any CPU.ActiveCfg = Debug|Any CPU
		{E0720471-4F3A-FE17-BF34-3F8D3849F819}.Debug|Any CPU.Build.0 = Debug|Any CPU
		{E0720471-4F3A-FE17-BF34-3F8D3849F819}.Release|Any CPU.ActiveCfg = Release|Any CPU
		{E0720471-4F3A-FE17-BF34-3F8D3849F819}.Release|Any CPU.Build.0 = Release|Any CPU
		{5B6B6BBB-FF1D-1439-CCA3-E5EC22603BCA}.Debug|Any CPU.ActiveCfg = Debug|Any CPU
		{5B6B6BBB-FF1D-1439-CCA3-E5EC22603BCA}.Debug|Any CPU.Build.0 = Debug|Any CPU
		{5B6B6BBB-FF1D-1439-CCA3-E5EC22603BCA}.Release|Any CPU.ActiveCfg = Release|Any CPU
		{5B6B6BBB-FF1D-1439-CCA3-E5EC22603BCA}.Release|Any CPU.Build.0 = Release|Any CPU
		{6160DDCC-360F-A099-5D3B-856FA0CF4734}.Debug|Any CPU.ActiveCfg = Debug|Any CPU
		{6160DDCC-360F-A099-5D3B-856FA0CF4734}.Debug|Any CPU.Build.0 = Debug|Any CPU
		{6160DDCC-360F-A099-5D3B-856FA0CF4734}.Release|Any CPU.ActiveCfg = Release|Any CPU
		{6160DDCC-360F-A099-5D3B-856FA0CF4734}.Release|Any CPU.Build.0 = Release|Any CPU
		{906455F9-11D5-1891-BD0C-96CC8F691C32}.Debug|Any CPU.ActiveCfg = Debug|Any CPU
		{906455F9-11D5-1891-BD0C-96CC8F691C32}.Debug|Any CPU.Build.0 = Debug|Any CPU
		{906455F9-11D5-1891-BD0C-96CC8F691C32}.Release|Any CPU.ActiveCfg = Release|Any CPU
		{906455F9-11D5-1891-BD0C-96CC8F691C32}.Release|Any CPU.Build.0 = Release|Any CPU
		{B1590B6B-C862-BA9B-3F40-556031F727E0}.Debug|Any CPU.ActiveCfg = Debug|Any CPU
		{B1590B6B-C862-BA9B-3F40-556031F727E0}.Debug|Any CPU.Build.0 = Debug|Any CPU
		{B1590B6B-C862-BA9B-3F40-556031F727E0}.Release|Any CPU.ActiveCfg = Release|Any CPU
		{B1590B6B-C862-BA9B-3F40-556031F727E0}.Release|Any CPU.Build.0 = Release|Any CPU
		{46A1237B-8401-7C66-2985-E6DB4274331A}.Debug|Any CPU.ActiveCfg = Debug|Any CPU
		{46A1237B-8401-7C66-2985-E6DB4274331A}.Debug|Any CPU.Build.0 = Debug|Any CPU
		{46A1237B-8401-7C66-2985-E6DB4274331A}.Release|Any CPU.ActiveCfg = Release|Any CPU
		{46A1237B-8401-7C66-2985-E6DB4274331A}.Release|Any CPU.Build.0 = Release|Any CPU
		{9BA8C7EC-0A4F-EDC6-8ED2-C6DBB04A3667}.Debug|Any CPU.ActiveCfg = Debug|Any CPU
		{9BA8C7EC-0A4F-EDC6-8ED2-C6DBB04A3667}.Debug|Any CPU.Build.0 = Debug|Any CPU
		{9BA8C7EC-0A4F-EDC6-8ED2-C6DBB04A3667}.Release|Any CPU.ActiveCfg = Release|Any CPU
		{9BA8C7EC-0A4F-EDC6-8ED2-C6DBB04A3667}.Release|Any CPU.Build.0 = Release|Any CPU
		{F5AFF013-DAC0-0604-71E0-7FA2EEDC5FAB}.Debug|Any CPU.ActiveCfg = Debug|Any CPU
		{F5AFF013-DAC0-0604-71E0-7FA2EEDC5FAB}.Debug|Any CPU.Build.0 = Debug|Any CPU
		{F5AFF013-DAC0-0604-71E0-7FA2EEDC5FAB}.Release|Any CPU.ActiveCfg = Release|Any CPU
		{F5AFF013-DAC0-0604-71E0-7FA2EEDC5FAB}.Release|Any CPU.Build.0 = Release|Any CPU
		{27CCBAAC-FAF1-F13D-39DF-6DF1AD7BA1B6}.Debug|Any CPU.ActiveCfg = Debug|Any CPU
		{27CCBAAC-FAF1-F13D-39DF-6DF1AD7BA1B6}.Debug|Any CPU.Build.0 = Debug|Any CPU
		{27CCBAAC-FAF1-F13D-39DF-6DF1AD7BA1B6}.Release|Any CPU.ActiveCfg = Release|Any CPU
		{27CCBAAC-FAF1-F13D-39DF-6DF1AD7BA1B6}.Release|Any CPU.Build.0 = Release|Any CPU
		{FA3AE546-065D-9B3A-9E58-A2A13B921705}.Debug|Any CPU.ActiveCfg = Debug|Any CPU
		{FA3AE546-065D-9B3A-9E58-A2A13B921705}.Debug|Any CPU.Build.0 = Debug|Any CPU
		{FA3AE546-065D-9B3A-9E58-A2A13B921705}.Release|Any CPU.ActiveCfg = Release|Any CPU
		{FA3AE546-065D-9B3A-9E58-A2A13B921705}.Release|Any CPU.Build.0 = Release|Any CPU
		{A2376F43-D753-A178-66E0-DF90C6935152}.Debug|Any CPU.ActiveCfg = Debug|Any CPU
		{A2376F43-D753-A178-66E0-DF90C6935152}.Debug|Any CPU.Build.0 = Debug|Any CPU
		{A2376F43-D753-A178-66E0-DF90C6935152}.Release|Any CPU.ActiveCfg = Release|Any CPU
		{A2376F43-D753-A178-66E0-DF90C6935152}.Release|Any CPU.Build.0 = Release|Any CPU
		{9014EA43-64ED-137B-5F5B-3055E06E47A6}.Debug|Any CPU.ActiveCfg = Debug|Any CPU
		{9014EA43-64ED-137B-5F5B-3055E06E47A6}.Debug|Any CPU.Build.0 = Debug|Any CPU
		{9014EA43-64ED-137B-5F5B-3055E06E47A6}.Release|Any CPU.ActiveCfg = Release|Any CPU
		{9014EA43-64ED-137B-5F5B-3055E06E47A6}.Release|Any CPU.Build.0 = Release|Any CPU
		{CCFC8405-E9E8-86A8-6203-4F46701FAA88}.Debug|Any CPU.ActiveCfg = Debug|Any CPU
		{CCFC8405-E9E8-86A8-6203-4F46701FAA88}.Debug|Any CPU.Build.0 = Debug|Any CPU
		{CCFC8405-E9E8-86A8-6203-4F46701FAA88}.Release|Any CPU.ActiveCfg = Release|Any CPU
		{CCFC8405-E9E8-86A8-6203-4F46701FAA88}.Release|Any CPU.Build.0 = Release|Any CPU
		{01BDB0CC-0612-0258-4D75-9F958F73A776}.Debug|Any CPU.ActiveCfg = Debug|Any CPU
		{01BDB0CC-0612-0258-4D75-9F958F73A776}.Debug|Any CPU.Build.0 = Debug|Any CPU
		{01BDB0CC-0612-0258-4D75-9F958F73A776}.Release|Any CPU.ActiveCfg = Release|Any CPU
		{01BDB0CC-0612-0258-4D75-9F958F73A776}.Release|Any CPU.Build.0 = Release|Any CPU
		{22AFFAEB-CDB7-5A1C-EE91-3016F2B5AA27}.Debug|Any CPU.ActiveCfg = Debug|Any CPU
		{22AFFAEB-CDB7-5A1C-EE91-3016F2B5AA27}.Debug|Any CPU.Build.0 = Debug|Any CPU
		{22AFFAEB-CDB7-5A1C-EE91-3016F2B5AA27}.Release|Any CPU.ActiveCfg = Release|Any CPU
		{22AFFAEB-CDB7-5A1C-EE91-3016F2B5AA27}.Release|Any CPU.Build.0 = Release|Any CPU
		{CBDB57BA-B980-F228-C1C9-72BB2613152C}.Debug|Any CPU.ActiveCfg = Debug|Any CPU
		{CBDB57BA-B980-F228-C1C9-72BB2613152C}.Debug|Any CPU.Build.0 = Debug|Any CPU
		{CBDB57BA-B980-F228-C1C9-72BB2613152C}.Release|Any CPU.ActiveCfg = Release|Any CPU
		{CBDB57BA-B980-F228-C1C9-72BB2613152C}.Release|Any CPU.Build.0 = Release|Any CPU
		{CD219182-BAAF-6BD7-FE9B-6D11CC0D3831}.Debug|Any CPU.ActiveCfg = Debug|Any CPU
		{CD219182-BAAF-6BD7-FE9B-6D11CC0D3831}.Debug|Any CPU.Build.0 = Debug|Any CPU
		{CD219182-BAAF-6BD7-FE9B-6D11CC0D3831}.Release|Any CPU.ActiveCfg = Release|Any CPU
		{CD219182-BAAF-6BD7-FE9B-6D11CC0D3831}.Release|Any CPU.Build.0 = Release|Any CPU
	EndGlobalSection
	GlobalSection(SolutionProperties) = preSolution
		HideSolutionNode = FALSE
	EndGlobalSection
EndGlobal
